
Microsoft Visual Studio Solution File, Format Version 12.00
# Visual Studio Version 17
VisualStudioVersion = 17.8.34309.116
MinimumVisualStudioVersion = 10.0.40219.1
Project("{FAE04EC0-301F-11D3-BF4B-00C04F79EFBC}") = "MainProject", "MainProject\MainProject.csproj", "{8565A633-168E-408D-9DE0-D5D9011C6AD2}"
EndProject
Project("{FAE04EC0-301F-11D3-BF4B-00C04F79EFBC}") = "DAL", "DAL\DAL.csproj", "{AA788873-9E8C-4F97-B277-ED761CCD14EB}"
EndProject
Global
	GlobalSection(SolutionConfigurationPlatforms) = preSolution
		Debug|Any CPU = Debug|Any CPU
		Release|Any CPU = Release|Any CPU
	EndGlobalSection
	GlobalSection(ProjectConfigurationPlatforms) = postSolution
		{8565A633-168E-408D-9DE0-D5D9011C6AD2}.Debug|Any CPU.ActiveCfg = Debug|Any CPU
		{8565A633-168E-408D-9DE0-D5D9011C6AD2}.Debug|Any CPU.Build.0 = Debug|Any CPU
		{8565A633-168E-408D-9DE0-D5D9011C6AD2}.Release|Any CPU.ActiveCfg = Release|Any CPU
		{8565A633-168E-408D-9DE0-D5D9011C6AD2}.Release|Any CPU.Build.0 = Release|Any CPU
		{AA788873-9E8C-4F97-B277-ED761CCD14EB}.Debug|Any CPU.ActiveCfg = Debug|Any CPU
		{AA788873-9E8C-4F97-B277-ED761CCD14EB}.Debug|Any CPU.Build.0 = Debug|Any CPU
		{AA788873-9E8C-4F97-B277-ED761CCD14EB}.Release|Any CPU.ActiveCfg = Release|Any CPU
		{AA788873-9E8C-4F97-B277-ED761CCD14EB}.Release|Any CPU.Build.0 = Release|Any CPU
	EndGlobalSection
	GlobalSection(SolutionProperties) = preSolution
		HideSolutionNode = FALSE
	EndGlobalSection
	GlobalSection(ExtensibilityGlobals) = postSolution
		SolutionGuid = {3351BB4E-2FA4-449A-82C5-D1EAC1465C52}
	EndGlobalSection
EndGlobal
